
Microsoft Visual Studio Solution File, Format Version 12.00
# Visual Studio Version 16
VisualStudioVersion = 16.0.31105.61
MinimumVisualStudioVersion = 10.0.40219.1
Project("{9A19103F-16F7-4668-BE54-9A1E7A4F7556}") = "TwoQueueMakeOneStack", "TwoQueueMakeOneStack\TwoQueueMakeOneStack.csproj", "{F4A45F0D-D3A5-4C99-8DCC-D3A5B69A0680}"
EndProject
Project("{9A19103F-16F7-4668-BE54-9A1E7A4F7556}") = "SealedClassBenchMark", "SealedClassBenchMark\SealedClassBenchMark.csproj", "{B2FACF41-6038-4E54-B019-AAF9BB90F5A8}"
EndProject
Project("{9A19103F-16F7-4668-BE54-9A1E7A4F7556}") = "BenchMarker", "BanchMarker\BenchMarker.csproj", "{D47551B6-A982-40A9-954E-5EE877C591E2}"
EndProject
Project("{9A19103F-16F7-4668-BE54-9A1E7A4F7556}") = "ValueTypeComparer", "ValueTypeComparer\ValueTypeComparer.csproj", "{20F72630-794C-4419-BD59-1C5D6A87D213}"
EndProject
Global
	GlobalSection(SolutionConfigurationPlatforms) = preSolution
		Debug|Any CPU = Debug|Any CPU
		Release|Any CPU = Release|Any CPU
	EndGlobalSection
	GlobalSection(ProjectConfigurationPlatforms) = postSolution
		{F4A45F0D-D3A5-4C99-8DCC-D3A5B69A0680}.Debug|Any CPU.ActiveCfg = Debug|Any CPU
		{F4A45F0D-D3A5-4C99-8DCC-D3A5B69A0680}.Debug|Any CPU.Build.0 = Debug|Any CPU
		{F4A45F0D-D3A5-4C99-8DCC-D3A5B69A0680}.Release|Any CPU.ActiveCfg = Release|Any CPU
		{F4A45F0D-D3A5-4C99-8DCC-D3A5B69A0680}.Release|Any CPU.Build.0 = Release|Any CPU
		{B2FACF41-6038-4E54-B019-AAF9BB90F5A8}.Debug|Any CPU.ActiveCfg = Debug|Any CPU
		{B2FACF41-6038-4E54-B019-AAF9BB90F5A8}.Debug|Any CPU.Build.0 = Debug|Any CPU
		{B2FACF41-6038-4E54-B019-AAF9BB90F5A8}.Release|Any CPU.ActiveCfg = Release|Any CPU
		{B2FACF41-6038-4E54-B019-AAF9BB90F5A8}.Release|Any CPU.Build.0 = Release|Any CPU
		{D47551B6-A982-40A9-954E-5EE877C591E2}.Debug|Any CPU.ActiveCfg = Debug|Any CPU
		{D47551B6-A982-40A9-954E-5EE877C591E2}.Debug|Any CPU.Build.0 = Debug|Any CPU
		{D47551B6-A982-40A9-954E-5EE877C591E2}.Release|Any CPU.ActiveCfg = Release|Any CPU
		{D47551B6-A982-40A9-954E-5EE877C591E2}.Release|Any CPU.Build.0 = Release|Any CPU
		{20F72630-794C-4419-BD59-1C5D6A87D213}.Debug|Any CPU.ActiveCfg = Debug|Any CPU
		{20F72630-794C-4419-BD59-1C5D6A87D213}.Debug|Any CPU.Build.0 = Debug|Any CPU
		{20F72630-794C-4419-BD59-1C5D6A87D213}.Release|Any CPU.ActiveCfg = Release|Any CPU
		{20F72630-794C-4419-BD59-1C5D6A87D213}.Release|Any CPU.Build.0 = Release|Any CPU
	EndGlobalSection
	GlobalSection(SolutionProperties) = preSolution
		HideSolutionNode = FALSE
	EndGlobalSection
	GlobalSection(ExtensibilityGlobals) = postSolution
		SolutionGuid = {217094BB-5989-454B-91E2-623494AB5B8B}
	EndGlobalSection
EndGlobal
